
Microsoft Visual Studio Solution File, Format Version 12.00
# Visual Studio Version 16
VisualStudioVersion = 16.0.29503.13
MinimumVisualStudioVersion = 10.0.40219.1
Project("{9A19103F-16F7-4668-BE54-9A1E7A4F7556}") = "SpiritSpenderServer", "SpiritSpenderServer\SpiritSpenderServer.csproj", "{02C30DE3-33BD-40B5-BD37-DC1D63AAF441}"
EndProject
Project("{E53339B2-1760-4266-BCC7-CA923CBCF16C}") = "docker-compose", "docker-compose.dcproj", "{C2B796CA-B5B9-40B8-B700-EE5582FC0206}"
EndProject
Project("{9A19103F-16F7-4668-BE54-9A1E7A4F7556}") = "MotionCalc", "MotionCalc\MotionCalc.csproj", "{EFBD2014-C723-4C4F-9956-9BCF093F2C24}"
EndProject
Global
	GlobalSection(SolutionConfigurationPlatforms) = preSolution
		Debug|Any CPU = Debug|Any CPU
		Release|Any CPU = Release|Any CPU
	EndGlobalSection
	GlobalSection(ProjectConfigurationPlatforms) = postSolution
		{02C30DE3-33BD-40B5-BD37-DC1D63AAF441}.Debug|Any CPU.ActiveCfg = Debug|Any CPU
		{02C30DE3-33BD-40B5-BD37-DC1D63AAF441}.Debug|Any CPU.Build.0 = Debug|Any CPU
		{02C30DE3-33BD-40B5-BD37-DC1D63AAF441}.Release|Any CPU.ActiveCfg = Release|Any CPU
		{02C30DE3-33BD-40B5-BD37-DC1D63AAF441}.Release|Any CPU.Build.0 = Release|Any CPU
		{C2B796CA-B5B9-40B8-B700-EE5582FC0206}.Debug|Any CPU.ActiveCfg = Debug|Any CPU
		{C2B796CA-B5B9-40B8-B700-EE5582FC0206}.Debug|Any CPU.Build.0 = Debug|Any CPU
		{C2B796CA-B5B9-40B8-B700-EE5582FC0206}.Release|Any CPU.ActiveCfg = Release|Any CPU
		{C2B796CA-B5B9-40B8-B700-EE5582FC0206}.Release|Any CPU.Build.0 = Release|Any CPU
		{EFBD2014-C723-4C4F-9956-9BCF093F2C24}.Debug|Any CPU.ActiveCfg = Debug|Any CPU
		{EFBD2014-C723-4C4F-9956-9BCF093F2C24}.Debug|Any CPU.Build.0 = Debug|Any CPU
		{EFBD2014-C723-4C4F-9956-9BCF093F2C24}.Release|Any CPU.ActiveCfg = Release|Any CPU
		{EFBD2014-C723-4C4F-9956-9BCF093F2C24}.Release|Any CPU.Build.0 = Release|Any CPU
	EndGlobalSection
	GlobalSection(SolutionProperties) = preSolution
		HideSolutionNode = FALSE
	EndGlobalSection
	GlobalSection(ExtensibilityGlobals) = postSolution
		SolutionGuid = {7FEC4270-26ED-4AD0-91C6-BAFE6084BBE9}
	EndGlobalSection
EndGlobal
